// !$*UTF8*$!
{
	archiveVersion = 1;
	classes = {
	};
	objectVersion = 46;
	objects = {

/* Begin PBXBuildFile section */
		8F6A53171992A52D0081B383 /* Earth.jpg in Resources */ = {isa = PBXBuildFile; fileRef = 8F6A530D1992A52D0081B383 /* Earth.jpg */; };
		8F6A53181992A52D0081B383 /* EinsteinRing.jpg in Resources */ = {isa = PBXBuildFile; fileRef = 8F6A530E1992A52D0081B383 /* EinsteinRing.jpg */; };
		8F6A53191992A52D0081B383 /* Jupiter.jpg in Resources */ = {isa = PBXBuildFile; fileRef = 8F6A530F1992A52D0081B383 /* Jupiter.jpg */; };
		8F6A531A1992A52D0081B383 /* Mars.jpg in Resources */ = {isa = PBXBuildFile; fileRef = 8F6A53101992A52D0081B383 /* Mars.jpg */; };
		8F6A531B1992A52D0081B383 /* Mercury.jpg in Resources */ = {isa = PBXBuildFile; fileRef = 8F6A53111992A52D0081B383 /* Mercury.jpg */; };
		8F6A531C1992A52D0081B383 /* Neptune.jpg in Resources */ = {isa = PBXBuildFile; fileRef = 8F6A53121992A52D0081B383 /* Neptune.jpg */; };
		8F6A531D1992A52D0081B383 /* Orion.jpg in Resources */ = {isa = PBXBuildFile; fileRef = 8F6A53131992A52D0081B383 /* Orion.jpg */; };
		8F6A531E1992A52D0081B383 /* Saturn.jpg in Resources */ = {isa = PBXBuildFile; fileRef = 8F6A53141992A52D0081B383 /* Saturn.jpg */; };
		8F6A531F1992A52D0081B383 /* Uranus.jpg in Resources */ = {isa = PBXBuildFile; fileRef = 8F6A53151992A52D0081B383 /* Uranus.jpg */; };
		8F6A53201992A52D0081B383 /* Venus.jpg in Resources */ = {isa = PBXBuildFile; fileRef = 8F6A53161992A52D0081B383 /* Venus.jpg */; };
		8F6A53231992A5860081B383 /* ITISpaceObject.m in Sources */ = {isa = PBXBuildFile; fileRef = 8F6A53221992A5860081B383 /* ITISpaceObject.m */; };
		8F6A53721992D1E70081B383 /* ITISpaceImageViewController.m in Sources */ = {isa = PBXBuildFile; fileRef = 8F6A53711992D1E70081B383 /* ITISpaceImageViewController.m */; };
		8FB7E737199143EE00677006 /* AstronomicalData.m in Sources */ = {isa = PBXBuildFile; fileRef = 8FB7E736199143EE00677006 /* AstronomicalData.m */; };
		8FC76A9819908BA0001E19F9 /* Foundation.framework in Frameworks */ = {isa = PBXBuildFile; fileRef = 8FC76A9719908BA0001E19F9 /* Foundation.framework */; };
		8FC76A9A19908BA0001E19F9 /* CoreGraphics.framework in Frameworks */ = {isa = PBXBuildFile; fileRef = 8FC76A9919908BA0001E19F9 /* CoreGraphics.framework */; };
		8FC76A9C19908BA0001E19F9 /* UIKit.framework in Frameworks */ = {isa = PBXBuildFile; fileRef = 8FC76A9B19908BA0001E19F9 /* UIKit.framework */; };
		8FC76AA219908BA0001E19F9 /* InfoPlist.strings in Resources */ = {isa = PBXBuildFile; fileRef = 8FC76AA019908BA0001E19F9 /* InfoPlist.strings */; };
		8FC76AA419908BA0001E19F9 /* main.m in Sources */ = {isa = PBXBuildFile; fileRef = 8FC76AA319908BA0001E19F9 /* main.m */; };
		8FC76AA819908BA0001E19F9 /* ITIAppDelegate.m in Sources */ = {isa = PBXBuildFile; fileRef = 8FC76AA719908BA0001E19F9 /* ITIAppDelegate.m */; };
		8FC76AAB19908BA0001E19F9 /* Main.storyboard in Resources */ = {isa = PBXBuildFile; fileRef = 8FC76AA919908BA0001E19F9 /* Main.storyboard */; };
		8FC76AB019908BA0001E19F9 /* Images.xcassets in Resources */ = {isa = PBXBuildFile; fileRef = 8FC76AAF19908BA0001E19F9 /* Images.xcassets */; };
		8FC76AB719908BA0001E19F9 /* XCTest.framework in Frameworks */ = {isa = PBXBuildFile; fileRef = 8FC76AB619908BA0001E19F9 /* XCTest.framework */; };
		8FC76AB819908BA0001E19F9 /* Foundation.framework in Frameworks */ = {isa = PBXBuildFile; fileRef = 8FC76A9719908BA0001E19F9 /* Foundation.framework */; };
		8FC76AB919908BA0001E19F9 /* UIKit.framework in Frameworks */ = {isa = PBXBuildFile; fileRef = 8FC76A9B19908BA0001E19F9 /* UIKit.framework */; };
		8FC76AC119908BA0001E19F9 /* InfoPlist.strings in Resources */ = {isa = PBXBuildFile; fileRef = 8FC76ABF19908BA0001E19F9 /* InfoPlist.strings */; };
		8FC76AC319908BA0001E19F9 /* Out_Of_This_WorldTests.m in Sources */ = {isa = PBXBuildFile; fileRef = 8FC76AC219908BA0001E19F9 /* Out_Of_This_WorldTests.m */; };
		8FC76AD119908F40001E19F9 /* ITIOuterSpaceTableViewController.m in Sources */ = {isa = PBXBuildFile; fileRef = 8FC76AD019908F40001E19F9 /* ITIOuterSpaceTableViewController.m */; };
/* End PBXBuildFile section */

/* Begin PBXContainerItemProxy section */
		8FC76ABA19908BA0001E19F9 /* PBXContainerItemProxy */ = {
			isa = PBXContainerItemProxy;
			containerPortal = 8FC76A8C19908BA0001E19F9 /* Project object */;
			proxyType = 1;
			remoteGlobalIDString = 8FC76A9319908BA0001E19F9;
			remoteInfo = "Out Of This World";
		};
/* End PBXContainerItemProxy section */

/* Begin PBXFileReference section */
		8F6A530D1992A52D0081B383 /* Earth.jpg */ = {isa = PBXFileReference; lastKnownFileType = image.jpeg; path = Earth.jpg; sourceTree = "<group>"; };
		8F6A530E1992A52D0081B383 /* EinsteinRing.jpg */ = {isa = PBXFileReference; lastKnownFileType = image.jpeg; path = EinsteinRing.jpg; sourceTree = "<group>"; };
		8F6A530F1992A52D0081B383 /* Jupiter.jpg */ = {isa = PBXFileReference; lastKnownFileType = image.jpeg; path = Jupiter.jpg; sourceTree = "<group>"; };
		8F6A53101992A52D0081B383 /* Mars.jpg */ = {isa = PBXFileReference; lastKnownFileType = image.jpeg; path = Mars.jpg; sourceTree = "<group>"; };
		8F6A53111992A52D0081B383 /* Mercury.jpg */ = {isa = PBXFileReference; lastKnownFileType = image.jpeg; path = Mercury.jpg; sourceTree = "<group>"; };
		8F6A53121992A52D0081B383 /* Neptune.jpg */ = {isa = PBXFileReference; lastKnownFileType = image.jpeg; path = Neptune.jpg; sourceTree = "<group>"; };
		8F6A53131992A52D0081B383 /* Orion.jpg */ = {isa = PBXFileReference; lastKnownFileType = image.jpeg; path = Orion.jpg; sourceTree = "<group>"; };
		8F6A53141992A52D0081B383 /* Saturn.jpg */ = {isa = PBXFileReference; lastKnownFileType = image.jpeg; path = Saturn.jpg; sourceTree = "<group>"; };
		8F6A53151992A52D0081B383 /* Uranus.jpg */ = {isa = PBXFileReference; lastKnownFileType = image.jpeg; path = Uranus.jpg; sourceTree = "<group>"; };
		8F6A53161992A52D0081B383 /* Venus.jpg */ = {isa = PBXFileReference; lastKnownFileType = image.jpeg; path = Venus.jpg; sourceTree = "<group>"; };
		8F6A53211992A5860081B383 /* ITISpaceObject.h */ = {isa = PBXFileReference; fileEncoding = 4; lastKnownFileType = sourcecode.c.h; path = ITISpaceObject.h; sourceTree = "<group>"; };
		8F6A53221992A5860081B383 /* ITISpaceObject.m */ = {isa = PBXFileReference; fileEncoding = 4; lastKnownFileType = sourcecode.c.objc; path = ITISpaceObject.m; sourceTree = "<group>"; };
		8F6A53701992D1E70081B383 /* ITISpaceImageViewController.h */ = {isa = PBXFileReference; fileEncoding = 4; lastKnownFileType = sourcecode.c.h; path = ITISpaceImageViewController.h; sourceTree = "<group>"; };
		8F6A53711992D1E70081B383 /* ITISpaceImageViewController.m */ = {isa = PBXFileReference; fileEncoding = 4; lastKnownFileType = sourcecode.c.objc; path = ITISpaceImageViewController.m; sourceTree = "<group>"; };
		8FB7E735199143EE00677006 /* AstronomicalData.h */ = {isa = PBXFileReference; fileEncoding = 4; lastKnownFileType = sourcecode.c.h; path = AstronomicalData.h; sourceTree = "<group>"; };
		8FB7E736199143EE00677006 /* AstronomicalData.m */ = {isa = PBXFileReference; fileEncoding = 4; lastKnownFileType = sourcecode.c.objc; path = AstronomicalData.m; sourceTree = "<group>"; };
		8FC76A9419908BA0001E19F9 /* Out Of This World.app */ = {isa = PBXFileReference; explicitFileType = wrapper.application; includeInIndex = 0; path = "Out Of This World.app"; sourceTree = BUILT_PRODUCTS_DIR; };
		8FC76A9719908BA0001E19F9 /* Foundation.framework */ = {isa = PBXFileReference; lastKnownFileType = wrapper.framework; name = Foundation.framework; path = System/Library/Frameworks/Foundation.framework; sourceTree = SDKROOT; };
		8FC76A9919908BA0001E19F9 /* CoreGraphics.framework */ = {isa = PBXFileReference; lastKnownFileType = wrapper.framework; name = CoreGraphics.framework; path = System/Library/Frameworks/CoreGraphics.framework; sourceTree = SDKROOT; };
		8FC76A9B19908BA0001E19F9 /* UIKit.framework */ = {isa = PBXFileReference; lastKnownFileType = wrapper.framework; name = UIKit.framework; path = System/Library/Frameworks/UIKit.framework; sourceTree = SDKROOT; };
		8FC76A9F19908BA0001E19F9 /* Out Of This World-Info.plist */ = {isa = PBXFileReference; lastKnownFileType = text.plist.xml; path = "Out Of This World-Info.plist"; sourceTree = "<group>"; };
		8FC76AA119908BA0001E19F9 /* en */ = {isa = PBXFileReference; lastKnownFileType = text.plist.strings; name = en; path = en.lproj/InfoPlist.strings; sourceTree = "<group>"; };
		8FC76AA319908BA0001E19F9 /* main.m */ = {isa = PBXFileReference; lastKnownFileType = sourcecode.c.objc; path = main.m; sourceTree = "<group>"; };
		8FC76AA519908BA0001E19F9 /* Out Of This World-Prefix.pch */ = {isa = PBXFileReference; lastKnownFileType = sourcecode.c.h; path = "Out Of This World-Prefix.pch"; sourceTree = "<group>"; };
		8FC76AA619908BA0001E19F9 /* ITIAppDelegate.h */ = {isa = PBXFileReference; lastKnownFileType = sourcecode.c.h; path = ITIAppDelegate.h; sourceTree = "<group>"; };
		8FC76AA719908BA0001E19F9 /* ITIAppDelegate.m */ = {isa = PBXFileReference; lastKnownFileType = sourcecode.c.objc; path = ITIAppDelegate.m; sourceTree = "<group>"; };
		8FC76AAA19908BA0001E19F9 /* Base */ = {isa = PBXFileReference; lastKnownFileType = file.storyboard; name = Base; path = Base.lproj/Main.storyboard; sourceTree = "<group>"; };
		8FC76AAF19908BA0001E19F9 /* Images.xcassets */ = {isa = PBXFileReference; lastKnownFileType = folder.assetcatalog; path = Images.xcassets; sourceTree = "<group>"; };
		8FC76AB519908BA0001E19F9 /* Out Of This WorldTests.xctest */ = {isa = PBXFileReference; explicitFileType = wrapper.cfbundle; includeInIndex = 0; path = "Out Of This WorldTests.xctest"; sourceTree = BUILT_PRODUCTS_DIR; };
		8FC76AB619908BA0001E19F9 /* XCTest.framework */ = {isa = PBXFileReference; lastKnownFileType = wrapper.framework; name = XCTest.framework; path = Library/Frameworks/XCTest.framework; sourceTree = DEVELOPER_DIR; };
		8FC76ABE19908BA0001E19F9 /* Out Of This WorldTests-Info.plist */ = {isa = PBXFileReference; lastKnownFileType = text.plist.xml; path = "Out Of This WorldTests-Info.plist"; sourceTree = "<group>"; };
		8FC76AC019908BA0001E19F9 /* en */ = {isa = PBXFileReference; lastKnownFileType = text.plist.strings; name = en; path = en.lproj/InfoPlist.strings; sourceTree = "<group>"; };
		8FC76AC219908BA0001E19F9 /* Out_Of_This_WorldTests.m */ = {isa = PBXFileReference; lastKnownFileType = sourcecode.c.objc; path = Out_Of_This_WorldTests.m; sourceTree = "<group>"; };
		8FC76ACF19908F40001E19F9 /* ITIOuterSpaceTableViewController.h */ = {isa = PBXFileReference; fileEncoding = 4; lastKnownFileType = sourcecode.c.h; path = ITIOuterSpaceTableViewController.h; sourceTree = "<group>"; };
		8FC76AD019908F40001E19F9 /* ITIOuterSpaceTableViewController.m */ = {isa = PBXFileReference; fileEncoding = 4; lastKnownFileType = sourcecode.c.objc; path = ITIOuterSpaceTableViewController.m; sourceTree = "<group>"; };
/* End PBXFileReference section */

/* Begin PBXFrameworksBuildPhase section */
		8FC76A9119908BA0001E19F9 /* Frameworks */ = {
			isa = PBXFrameworksBuildPhase;
			buildActionMask = 2147483647;
			files = (
				8FC76A9A19908BA0001E19F9 /* CoreGraphics.framework in Frameworks */,
				8FC76A9C19908BA0001E19F9 /* UIKit.framework in Frameworks */,
				8FC76A9819908BA0001E19F9 /* Foundation.framework in Frameworks */,
			);
			runOnlyForDeploymentPostprocessing = 0;
		};
		8FC76AB219908BA0001E19F9 /* Frameworks */ = {
			isa = PBXFrameworksBuildPhase;
			buildActionMask = 2147483647;
			files = (
				8FC76AB719908BA0001E19F9 /* XCTest.framework in Frameworks */,
				8FC76AB919908BA0001E19F9 /* UIKit.framework in Frameworks */,
				8FC76AB819908BA0001E19F9 /* Foundation.framework in Frameworks */,
			);
			runOnlyForDeploymentPostprocessing = 0;
		};
/* End PBXFrameworksBuildPhase section */

/* Begin PBXGroup section */
		8FC76A8B19908BA0001E19F9 = {
			isa = PBXGroup;
			children = (
				8FC76A9D19908BA0001E19F9 /* Out Of This World */,
				8FC76ABC19908BA0001E19F9 /* Out Of This WorldTests */,
				8FC76A9619908BA0001E19F9 /* Frameworks */,
				8FC76A9519908BA0001E19F9 /* Products */,
			);
			sourceTree = "<group>";
		};
		8FC76A9519908BA0001E19F9 /* Products */ = {
			isa = PBXGroup;
			children = (
				8FC76A9419908BA0001E19F9 /* Out Of This World.app */,
				8FC76AB519908BA0001E19F9 /* Out Of This WorldTests.xctest */,
			);
			name = Products;
			sourceTree = "<group>";
		};
		8FC76A9619908BA0001E19F9 /* Frameworks */ = {
			isa = PBXGroup;
			children = (
				8FC76A9719908BA0001E19F9 /* Foundation.framework */,
				8FC76A9919908BA0001E19F9 /* CoreGraphics.framework */,
				8FC76A9B19908BA0001E19F9 /* UIKit.framework */,
				8FC76AB619908BA0001E19F9 /* XCTest.framework */,
			);
			name = Frameworks;
			sourceTree = "<group>";
		};
		8FC76A9D19908BA0001E19F9 /* Out Of This World */ = {
			isa = PBXGroup;
			children = (
				8F6A53211992A5860081B383 /* ITISpaceObject.h */,
				8F6A53221992A5860081B383 /* ITISpaceObject.m */,
				8FC76ACF19908F40001E19F9 /* ITIOuterSpaceTableViewController.h */,
				8FC76AD019908F40001E19F9 /* ITIOuterSpaceTableViewController.m */,
				8FC76AA619908BA0001E19F9 /* ITIAppDelegate.h */,
				8FC76AA719908BA0001E19F9 /* ITIAppDelegate.m */,
				8FC76AA919908BA0001E19F9 /* Main.storyboard */,
				8F6A53701992D1E70081B383 /* ITISpaceImageViewController.h */,
				8F6A53711992D1E70081B383 /* ITISpaceImageViewController.m */,
				8FC76AAF19908BA0001E19F9 /* Images.xcassets */,
				8FC76A9E19908BA0001E19F9 /* Supporting Files */,
			);
			path = "Out Of This World";
			sourceTree = "<group>";
		};
		8FC76A9E19908BA0001E19F9 /* Supporting Files */ = {
			isa = PBXGroup;
			children = (
				8F6A530D1992A52D0081B383 /* Earth.jpg */,
				8F6A530E1992A52D0081B383 /* EinsteinRing.jpg */,
				8F6A530F1992A52D0081B383 /* Jupiter.jpg */,
				8F6A53101992A52D0081B383 /* Mars.jpg */,
				8F6A53111992A52D0081B383 /* Mercury.jpg */,
				8F6A53121992A52D0081B383 /* Neptune.jpg */,
				8F6A53131992A52D0081B383 /* Orion.jpg */,
				8F6A53141992A52D0081B383 /* Saturn.jpg */,
				8F6A53151992A52D0081B383 /* Uranus.jpg */,
				8F6A53161992A52D0081B383 /* Venus.jpg */,
				8FB7E735199143EE00677006 /* AstronomicalData.h */,
				8FB7E736199143EE00677006 /* AstronomicalData.m */,
				8FC76A9F19908BA0001E19F9 /* Out Of This World-Info.plist */,
				8FC76AA019908BA0001E19F9 /* InfoPlist.strings */,
				8FC76AA319908BA0001E19F9 /* main.m */,
				8FC76AA519908BA0001E19F9 /* Out Of This World-Prefix.pch */,
			);
			name = "Supporting Files";
			sourceTree = "<group>";
		};
		8FC76ABC19908BA0001E19F9 /* Out Of This WorldTests */ = {
			isa = PBXGroup;
			children = (
				8FC76AC219908BA0001E19F9 /* Out_Of_This_WorldTests.m */,
				8FC76ABD19908BA0001E19F9 /* Supporting Files */,
			);
			path = "Out Of This WorldTests";
			sourceTree = "<group>";
		};
		8FC76ABD19908BA0001E19F9 /* Supporting Files */ = {
			isa = PBXGroup;
			children = (
				8FC76ABE19908BA0001E19F9 /* Out Of This WorldTests-Info.plist */,
				8FC76ABF19908BA0001E19F9 /* InfoPlist.strings */,
			);
			name = "Supporting Files";
			sourceTree = "<group>";
		};
/* End PBXGroup section */

/* Begin PBXNativeTarget section */
		8FC76A9319908BA0001E19F9 /* Out Of This World */ = {
			isa = PBXNativeTarget;
			buildConfigurationList = 8FC76AC619908BA0001E19F9 /* Build configuration list for PBXNativeTarget "Out Of This World" */;
			buildPhases = (
				8FC76A9019908BA0001E19F9 /* Sources */,
				8FC76A9119908BA0001E19F9 /* Frameworks */,
				8FC76A9219908BA0001E19F9 /* Resources */,
			);
			buildRules = (
			);
			dependencies = (
			);
			name = "Out Of This World";
			productName = "Out Of This World";
			productReference = 8FC76A9419908BA0001E19F9 /* Out Of This World.app */;
			productType = "com.apple.product-type.application";
		};
		8FC76AB419908BA0001E19F9 /* Out Of This WorldTests */ = {
			isa = PBXNativeTarget;
			buildConfigurationList = 8FC76AC919908BA0001E19F9 /* Build configuration list for PBXNativeTarget "Out Of This WorldTests" */;
			buildPhases = (
				8FC76AB119908BA0001E19F9 /* Sources */,
				8FC76AB219908BA0001E19F9 /* Frameworks */,
				8FC76AB319908BA0001E19F9 /* Resources */,
			);
			buildRules = (
			);
			dependencies = (
				8FC76ABB19908BA0001E19F9 /* PBXTargetDependency */,
			);
			name = "Out Of This WorldTests";
			productName = "Out Of This WorldTests";
			productReference = 8FC76AB519908BA0001E19F9 /* Out Of This WorldTests.xctest */;
			productType = "com.apple.product-type.bundle.unit-test";
		};
/* End PBXNativeTarget section */

/* Begin PBXProject section */
		8FC76A8C19908BA0001E19F9 /* Project object */ = {
			isa = PBXProject;
			attributes = {
				CLASSPREFIX = ITI;
				LastUpgradeCheck = 0510;
				ORGANIZATIONNAME = "InfoTech Inc";
				TargetAttributes = {
					8FC76AB419908BA0001E19F9 = {
						TestTargetID = 8FC76A9319908BA0001E19F9;
					};
				};
			};
			buildConfigurationList = 8FC76A8F19908BA0001E19F9 /* Build configuration list for PBXProject "Out Of This World" */;
			compatibilityVersion = "Xcode 3.2";
			developmentRegion = English;
			hasScannedForEncodings = 0;
			knownRegions = (
				en,
				Base,
			);
			mainGroup = 8FC76A8B19908BA0001E19F9;
			productRefGroup = 8FC76A9519908BA0001E19F9 /* Products */;
			projectDirPath = "";
			projectRoot = "";
			targets = (
				8FC76A9319908BA0001E19F9 /* Out Of This World */,
				8FC76AB419908BA0001E19F9 /* Out Of This WorldTests */,
			);
		};
/* End PBXProject section */

/* Begin PBXResourcesBuildPhase section */
		8FC76A9219908BA0001E19F9 /* Resources */ = {
			isa = PBXResourcesBuildPhase;
			buildActionMask = 2147483647;
			files = (
				8F6A53171992A52D0081B383 /* Earth.jpg in Resources */,
				8F6A53201992A52D0081B383 /* Venus.jpg in Resources */,
				8F6A531B1992A52D0081B383 /* Mercury.jpg in Resources */,
				8F6A531E1992A52D0081B383 /* Saturn.jpg in Resources */,
				8F6A531F1992A52D0081B383 /* Uranus.jpg in Resources */,
				8FC76AB019908BA0001E19F9 /* Images.xcassets in Resources */,
				8F6A531C1992A52D0081B383 /* Neptune.jpg in Resources */,
				8F6A531A1992A52D0081B383 /* Mars.jpg in Resources */,
				8FC76AA219908BA0001E19F9 /* InfoPlist.strings in Resources */,
				8FC76AAB19908BA0001E19F9 /* Main.storyboard in Resources */,
				8F6A53181992A52D0081B383 /* EinsteinRing.jpg in Resources */,
				8F6A53191992A52D0081B383 /* Jupiter.jpg in Resources */,
				8F6A531D1992A52D0081B383 /* Orion.jpg in Resources */,
			);
			runOnlyForDeploymentPostprocessing = 0;
		};
		8FC76AB319908BA0001E19F9 /* Resources */ = {
			isa = PBXResourcesBuildPhase;
			buildActionMask = 2147483647;
			files = (
				8FC76AC119908BA0001E19F9 /* InfoPlist.strings in Resources */,
			);
			runOnlyForDeploymentPostprocessing = 0;
		};
/* End PBXResourcesBuildPhase section */

/* Begin PBXSourcesBuildPhase section */
		8FC76A9019908BA0001E19F9 /* Sources */ = {
			isa = PBXSourcesBuildPhase;
			buildActionMask = 2147483647;
			files = (
				8FC76AA419908BA0001E19F9 /* main.m in Sources */,
				8FC76AA819908BA0001E19F9 /* ITIAppDelegate.m in Sources */,
				8F6A53721992D1E70081B383 /* ITISpaceImageViewController.m in Sources */,
				8FC76AD119908F40001E19F9 /* ITIOuterSpaceTableViewController.m in Sources */,
				8F6A53231992A5860081B383 /* ITISpaceObject.m in Sources */,
				8FB7E737199143EE00677006 /* AstronomicalData.m in Sources */,
			);
			runOnlyForDeploymentPostprocessing = 0;
		};
		8FC76AB119908BA0001E19F9 /* Sources */ = {
			isa = PBXSourcesBuildPhase;
			buildActionMask = 2147483647;
			files = (
				8FC76AC319908BA0001E19F9 /* Out_Of_This_WorldTests.m in Sources */,
			);
			runOnlyForDeploymentPostprocessing = 0;
		};
/* End PBXSourcesBuildPhase section */

/* Begin PBXTargetDependency section */
		8FC76ABB19908BA0001E19F9 /* PBXTargetDependency */ = {
			isa = PBXTargetDependency;
			target = 8FC76A9319908BA0001E19F9 /* Out Of This World */;
			targetProxy = 8FC76ABA19908BA0001E19F9 /* PBXContainerItemProxy */;
		};
/* End PBXTargetDependency section */

/* Begin PBXVariantGroup section */
		8FC76AA019908BA0001E19F9 /* InfoPlist.strings */ = {
			isa = PBXVariantGroup;
			children = (
				8FC76AA119908BA0001E19F9 /* en */,
			);
			name = InfoPlist.strings;
			sourceTree = "<group>";
		};
		8FC76AA919908BA0001E19F9 /* Main.storyboard */ = {
			isa = PBXVariantGroup;
			children = (
				8FC76AAA19908BA0001E19F9 /* Base */,
			);
			name = Main.storyboard;
			sourceTree = "<group>";
		};
		8FC76ABF19908BA0001E19F9 /* InfoPlist.strings */ = {
			isa = PBXVariantGroup;
			children = (
				8FC76AC019908BA0001E19F9 /* en */,
			);
			name = InfoPlist.strings;
			sourceTree = "<group>";
		};
/* End PBXVariantGroup section */

/* Begin XCBuildConfiguration section */
		8FC76AC419908BA0001E19F9 /* Debug */ = {
			isa = XCBuildConfiguration;
			buildSettings = {
				ALWAYS_SEARCH_USER_PATHS = NO;
				CLANG_CXX_LANGUAGE_STANDARD = "gnu++0x";
				CLANG_CXX_LIBRARY = "libc++";
				CLANG_ENABLE_MODULES = YES;
				CLANG_ENABLE_OBJC_ARC = YES;
				CLANG_WARN_BOOL_CONVERSION = YES;
				CLANG_WARN_CONSTANT_CONVERSION = YES;
				CLANG_WARN_DIRECT_OBJC_ISA_USAGE = YES_ERROR;
				CLANG_WARN_EMPTY_BODY = YES;
				CLANG_WARN_ENUM_CONVERSION = YES;
				CLANG_WARN_INT_CONVERSION = YES;
				CLANG_WARN_OBJC_ROOT_CLASS = YES_ERROR;
				CLANG_WARN__DUPLICATE_METHOD_MATCH = YES;
				"CODE_SIGN_IDENTITY[sdk=iphoneos*]" = "iPhone Developer";
				COPY_PHASE_STRIP = NO;
				GCC_C_LANGUAGE_STANDARD = gnu99;
				GCC_DYNAMIC_NO_PIC = NO;
				GCC_OPTIMIZATION_LEVEL = 0;
				GCC_PREPROCESSOR_DEFINITIONS = (
					"DEBUG=1",
					"$(inherited)",
				);
				GCC_SYMBOLS_PRIVATE_EXTERN = NO;
				GCC_WARN_64_TO_32_BIT_CONVERSION = YES;
				GCC_WARN_ABOUT_RETURN_TYPE = YES_ERROR;
				GCC_WARN_UNDECLARED_SELECTOR = YES;
				GCC_WARN_UNINITIALIZED_AUTOS = YES_AGGRESSIVE;
				GCC_WARN_UNUSED_FUNCTION = YES;
				GCC_WARN_UNUSED_VARIABLE = YES;
				IPHONEOS_DEPLOYMENT_TARGET = 7.1;
				ONLY_ACTIVE_ARCH = YES;
				SDKROOT = iphoneos;
			};
			name = Debug;
		};
		8FC76AC519908BA0001E19F9 /* Release */ = {
			isa = XCBuildConfiguration;
			buildSettings = {
				ALWAYS_SEARCH_USER_PATHS = NO;
				CLANG_CXX_LANGUAGE_STANDARD = "gnu++0x";
				CLANG_CXX_LIBRARY = "libc++";
				CLANG_ENABLE_MODULES = YES;
				CLANG_ENABLE_OBJC_ARC = YES;
				CLANG_WARN_BOOL_CONVERSION = YES;
				CLANG_WARN_CONSTANT_CONVERSION = YES;
				CLANG_WARN_DIRECT_OBJC_ISA_USAGE = YES_ERROR;
				CLANG_WARN_EMPTY_BODY = YES;
				CLANG_WARN_ENUM_CONVERSION = YES;
				CLANG_WARN_INT_CONVERSION = YES;
				CLANG_WARN_OBJC_ROOT_CLASS = YES_ERROR;
				CLANG_WARN__DUPLICATE_METHOD_MATCH = YES;
				"CODE_SIGN_IDENTITY[sdk=iphoneos*]" = "iPhone Developer";
				COPY_PHASE_STRIP = YES;
				ENABLE_NS_ASSERTIONS = NO;
				GCC_C_LANGUAGE_STANDARD = gnu99;
				GCC_WARN_64_TO_32_BIT_CONVERSION = YES;
				GCC_WARN_ABOUT_RETURN_TYPE = YES_ERROR;
				GCC_WARN_UNDECLARED_SELECTOR = YES;
				GCC_WARN_UNINITIALIZED_AUTOS = YES_AGGRESSIVE;
				GCC_WARN_UNUSED_FUNCTION = YES;
				GCC_WARN_UNUSED_VARIABLE = YES;
				IPHONEOS_DEPLOYMENT_TARGET = 7.1;
				SDKROOT = iphoneos;
				VALIDATE_PRODUCT = YES;
			};
			name = Release;
		};
		8FC76AC719908BA0001E19F9 /* Debug */ = {
			isa = XCBuildConfiguration;
			buildSettings = {
				ASSETCATALOG_COMPILER_APPICON_NAME = AppIcon;
				ASSETCATALOG_COMPILER_LAUNCHIMAGE_NAME = LaunchImage;
				GCC_PRECOMPILE_PREFIX_HEADER = YES;
				GCC_PREFIX_HEADER = "Out Of This World/Out Of This World-Prefix.pch";
				INFOPLIST_FILE = "Out Of This World/Out Of This World-Info.plist";
				PRODUCT_NAME = "$(TARGET_NAME)";
				WRAPPER_EXTENSION = app;
			};
			name = Debug;
		};
		8FC76AC819908BA0001E19F9 /* Release */ = {
			isa = XCBuildConfiguration;
			buildSettings = {
				ASSETCATALOG_COMPILER_APPICON_NAME = AppIcon;
				ASSETCATALOG_COMPILER_LAUNCHIMAGE_NAME = LaunchImage;
				GCC_PRECOMPILE_PREFIX_HEADER = YES;
				GCC_PREFIX_HEADER = "Out Of This World/Out Of This World-Prefix.pch";
				INFOPLIST_FILE = "Out Of This World/Out Of This World-Info.plist";
				PRODUCT_NAME = "$(TARGET_NAME)";
				WRAPPER_EXTENSION = app;
			};
			name = Release;
		};
		8FC76ACA19908BA0001E19F9 /* Debug */ = {
			isa = XCBuildConfiguration;
			buildSettings = {
				BUNDLE_LOADER = "$(BUILT_PRODUCTS_DIR)/Out Of This World.app/Out Of This World";
				FRAMEWORK_SEARCH_PATHS = (
					"$(SDKROOT)/Developer/Library/Frameworks",
					"$(inherited)",
					"$(DEVELOPER_FRAMEWORKS_DIR)",
				);
				GCC_PRECOMPILE_PREFIX_HEADER = YES;
				GCC_PREFIX_HEADER = "Out Of This World/Out Of This World-Prefix.pch";
				GCC_PREPROCESSOR_DEFINITIONS = (
					"DEBUG=1",
					"$(inherited)",
				);
				INFOPLIST_FILE = "Out Of This WorldTests/Out Of This WorldTests-Info.plist";
				PRODUCT_NAME = "$(TARGET_NAME)";
				TEST_HOST = "$(BUNDLE_LOADER)";
				WRAPPER_EXTENSION = xctest;
			};
			name = Debug;
		};
		8FC76ACB19908BA0001E19F9 /* Release */ = {
			isa = XCBuildConfiguration;
			buildSettings = {
				BUNDLE_LOADER = "$(BUILT_PRODUCTS_DIR)/Out Of This World.app/Out Of This World";
				FRAMEWORK_SEARCH_PATHS = (
					"$(SDKROOT)/Developer/Library/Frameworks",
					"$(inherited)",
					"$(DEVELOPER_FRAMEWORKS_DIR)",
				);
				GCC_PRECOMPILE_PREFIX_HEADER = YES;
				GCC_PREFIX_HEADER = "Out Of This World/Out Of This World-Prefix.pch";
				INFOPLIST_FILE = "Out Of This WorldTests/Out Of This WorldTests-Info.plist";
				PRODUCT_NAME = "$(TARGET_NAME)";
				TEST_HOST = "$(BUNDLE_LOADER)";
				WRAPPER_EXTENSION = xctest;
			};
			name = Release;
		};
/* End XCBuildConfiguration section */

/* Begin XCConfigurationList section */
		8FC76A8F19908BA0001E19F9 /* Build configuration list for PBXProject "Out Of This World" */ = {
			isa = XCConfigurationList;
			buildConfigurations = (
				8FC76AC419908BA0001E19F9 /* Debug */,
				8FC76AC519908BA0001E19F9 /* Release */,
			);
			defaultConfigurationIsVisible = 0;
			defaultConfigurationName = Release;
		};
		8FC76AC619908BA0001E19F9 /* Build configuration list for PBXNativeTarget "Out Of This World" */ = {
			isa = XCConfigurationList;
			buildConfigurations = (
				8FC76AC719908BA0001E19F9 /* Debug */,
				8FC76AC819908BA0001E19F9 /* Release */,
			);
			defaultConfigurationIsVisible = 0;
			defaultConfigurationName = Release;
		};
		8FC76AC919908BA0001E19F9 /* Build configuration list for PBXNativeTarget "Out Of This WorldTests" */ = {
			isa = XCConfigurationList;
			buildConfigurations = (
				8FC76ACA19908BA0001E19F9 /* Debug */,
				8FC76ACB19908BA0001E19F9 /* Release */,
			);
			defaultConfigurationIsVisible = 0;
			defaultConfigurationName = Release;
		};
/* End XCConfigurationList section */
	};
	rootObject = 8FC76A8C19908BA0001E19F9 /* Project object */;
}
